
Microsoft Visual Studio Solution File, Format Version 12.00
# Visual Studio Version 17
VisualStudioVersion = 17.7.34003.232
MinimumVisualStudioVersion = 10.0.40219.1
Project("{9A19103F-16F7-4668-BE54-9A1E7A4F7556}") = "Agap.Shared", "Agap.Shared\Agap.Shared.csproj", "{F502F684-4FCD-4A83-9BDA-E403DCD289B2}"
EndProject
Project("{9A19103F-16F7-4668-BE54-9A1E7A4F7556}") = "Agap.Backemd", "Agap.Backemd\Agap.Backemd.csproj", "{13AE7784-DB0C-4D57-8515-3307145C9A1C}"
EndProject
Project("{9A19103F-16F7-4668-BE54-9A1E7A4F7556}") = "Agap.Frontend", "Agap.Frontend\Agap.Frontend.csproj", "{94627079-5342-4223-8AC8-640772AC797A}"
EndProject
Global
	GlobalSection(SolutionConfigurationPlatforms) = preSolution
		Debug|Any CPU = Debug|Any CPU
		Release|Any CPU = Release|Any CPU
	EndGlobalSection
	GlobalSection(ProjectConfigurationPlatforms) = postSolution
		{F502F684-4FCD-4A83-9BDA-E403DCD289B2}.Debug|Any CPU.ActiveCfg = Debug|Any CPU
		{F502F684-4FCD-4A83-9BDA-E403DCD289B2}.Debug|Any CPU.Build.0 = Debug|Any CPU
		{F502F684-4FCD-4A83-9BDA-E403DCD289B2}.Release|Any CPU.ActiveCfg = Release|Any CPU
		{F502F684-4FCD-4A83-9BDA-E403DCD289B2}.Release|Any CPU.Build.0 = Release|Any CPU
		{13AE7784-DB0C-4D57-8515-3307145C9A1C}.Debug|Any CPU.ActiveCfg = Debug|Any CPU
		{13AE7784-DB0C-4D57-8515-3307145C9A1C}.Debug|Any CPU.Build.0 = Debug|Any CPU
		{13AE7784-DB0C-4D57-8515-3307145C9A1C}.Release|Any CPU.ActiveCfg = Release|Any CPU
		{13AE7784-DB0C-4D57-8515-3307145C9A1C}.Release|Any CPU.Build.0 = Release|Any CPU
		{94627079-5342-4223-8AC8-640772AC797A}.Debug|Any CPU.ActiveCfg = Debug|Any CPU
		{94627079-5342-4223-8AC8-640772AC797A}.Debug|Any CPU.Build.0 = Debug|Any CPU
		{94627079-5342-4223-8AC8-640772AC797A}.Release|Any CPU.ActiveCfg = Release|Any CPU
		{94627079-5342-4223-8AC8-640772AC797A}.Release|Any CPU.Build.0 = Release|Any CPU
	EndGlobalSection
	GlobalSection(SolutionProperties) = preSolution
		HideSolutionNode = FALSE
	EndGlobalSection
	GlobalSection(ExtensibilityGlobals) = postSolution
		SolutionGuid = {C3DEDF9A-9E83-43E7-9C14-ACCAC999C593}
	EndGlobalSection
EndGlobal
